// !$*UTF8*$!
{
	archiveVersion = 1;
	classes = {
	};
	objectVersion = 46;
	objects = {

/* Begin PBXBuildFile section */
		C72A558A1D7D71C7007A8FC3 /* AppDelegate.swift in Sources */ = {isa = PBXBuildFile; fileRef = C72A55891D7D71C7007A8FC3 /* AppDelegate.swift */; };
		C72A558C1D7D71C7007A8FC3 /* ViewController.swift in Sources */ = {isa = PBXBuildFile; fileRef = C72A558B1D7D71C7007A8FC3 /* ViewController.swift */; };
		C72A558F1D7D71C7007A8FC3 /* Main.storyboard in Resources */ = {isa = PBXBuildFile; fileRef = C72A558D1D7D71C7007A8FC3 /* Main.storyboard */; };
		C72A55911D7D71C7007A8FC3 /* Assets.xcassets in Resources */ = {isa = PBXBuildFile; fileRef = C72A55901D7D71C7007A8FC3 /* Assets.xcassets */; };
		C72A55941D7D71C7007A8FC3 /* LaunchScreen.storyboard in Resources */ = {isa = PBXBuildFile; fileRef = C72A55921D7D71C7007A8FC3 /* LaunchScreen.storyboard */; };
/* End PBXBuildFile section */

/* Begin PBXFileReference section */
		C72A55861D7D71C7007A8FC3 /* Mp3Zing.app */ = {isa = PBXFileReference; explicitFileType = wrapper.application; includeInIndex = 0; path = Mp3Zing.app; sourceTree = BUILT_PRODUCTS_DIR; };
		C72A55891D7D71C7007A8FC3 /* AppDelegate.swift */ = {isa = PBXFileReference; lastKnownFileType = sourcecode.swift; path = AppDelegate.swift; sourceTree = "<group>"; };
		C72A558B1D7D71C7007A8FC3 /* ViewController.swift */ = {isa = PBXFileReference; lastKnownFileType = sourcecode.swift; path = ViewController.swift; sourceTree = "<group>"; };
		C72A558E1D7D71C7007A8FC3 /* Base */ = {isa = PBXFileReference; lastKnownFileType = file.storyboard; name = Base; path = Base.lproj/Main.storyboard; sourceTree = "<group>"; };
		C72A55901D7D71C7007A8FC3 /* Assets.xcassets */ = {isa = PBXFileReference; lastKnownFileType = folder.assetcatalog; path = Assets.xcassets; sourceTree = "<group>"; };
		C72A55931D7D71C7007A8FC3 /* Base */ = {isa = PBXFileReference; lastKnownFileType = file.storyboard; name = Base; path = Base.lproj/LaunchScreen.storyboard; sourceTree = "<group>"; };
		C72A55951D7D71C7007A8FC3 /* Info.plist */ = {isa = PBXFileReference; lastKnownFileType = text.plist.xml; path = Info.plist; sourceTree = "<group>"; };
/* End PBXFileReference section */

/* Begin PBXFrameworksBuildPhase section */
		C72A55831D7D71C7007A8FC3 /* Frameworks */ = {
			isa = PBXFrameworksBuildPhase;
			buildActionMask = 2147483647;
			files = (
			);
			runOnlyForDeploymentPostprocessing = 0;
		};
/* End PBXFrameworksBuildPhase section */

/* Begin PBXGroup section */
		C72A557D1D7D71C7007A8FC3 = {
			isa = PBXGroup;
			children = (
				C72A55881D7D71C7007A8FC3 /* Mp3Zing */,
				C72A55871D7D71C7007A8FC3 /* Products */,
			);
			sourceTree = "<group>";
		};
		C72A55871D7D71C7007A8FC3 /* Products */ = {
			isa = PBXGroup;
			children = (
				C72A55861D7D71C7007A8FC3 /* Mp3Zing.app */,
			);
			name = Products;
			sourceTree = "<group>";
		};
		C72A55881D7D71C7007A8FC3 /* Mp3Zing */ = {
			isa = PBXGroup;
			children = (
				C72A55891D7D71C7007A8FC3 /* AppDelegate.swift */,
				C72A558B1D7D71C7007A8FC3 /* ViewController.swift */,
				C72A558D1D7D71C7007A8FC3 /* Main.storyboard */,
				C72A55901D7D71C7007A8FC3 /* Assets.xcassets */,
				C72A55921D7D71C7007A8FC3 /* LaunchScreen.storyboard */,
				C72A55951D7D71C7007A8FC3 /* Info.plist */,
			);
			path = Mp3Zing;
			sourceTree = "<group>";
		};
/* End PBXGroup section */

/* Begin PBXNativeTarget section */
		C72A55851D7D71C7007A8FC3 /* Mp3Zing */ = {
			isa = PBXNativeTarget;
			buildConfigurationList = C72A55981D7D71C7007A8FC3 /* Build configuration list for PBXNativeTarget "Mp3Zing" */;
			buildPhases = (
				C72A55821D7D71C7007A8FC3 /* Sources */,
				C72A55831D7D71C7007A8FC3 /* Frameworks */,
				C72A55841D7D71C7007A8FC3 /* Resources */,
			);
			buildRules = (
			);
			dependencies = (
			);
			name = Mp3Zing;
			productName = Mp3Zing;
			productReference = C72A55861D7D71C7007A8FC3 /* Mp3Zing.app */;
			productType = "com.apple.product-type.application";
		};
/* End PBXNativeTarget section */

/* Begin PBXProject section */
		C72A557E1D7D71C7007A8FC3 /* Project object */ = {
			isa = PBXProject;
			attributes = {
				LastSwiftUpdateCheck = 0730;
				LastUpgradeCheck = 0730;
				ORGANIZATIONNAME = "le ha thanh";
				TargetAttributes = {
					C72A55851D7D71C7007A8FC3 = {
						CreatedOnToolsVersion = 7.3.1;
					};
				};
			};
			buildConfigurationList = C72A55811D7D71C7007A8FC3 /* Build configuration list for PBXProject "Mp3Zing" */;
			compatibilityVersion = "Xcode 3.2";
			developmentRegion = English;
			hasScannedForEncodings = 0;
			knownRegions = (
				en,
				Base,
			);
			mainGroup = C72A557D1D7D71C7007A8FC3;
			productRefGroup = C72A55871D7D71C7007A8FC3 /* Products */;
			projectDirPath = "";
			projectRoot = "";
			targets = (
				C72A55851D7D71C7007A8FC3 /* Mp3Zing */,
			);
		};
/* End PBXProject section */

/* Begin PBXResourcesBuildPhase section */
		C72A55841D7D71C7007A8FC3 /* Resources */ = {
			isa = PBXResourcesBuildPhase;
			buildActionMask = 2147483647;
			files = (
				C72A55941D7D71C7007A8FC3 /* LaunchScreen.storyboard in Resources */,
				C72A55911D7D71C7007A8FC3 /* Assets.xcassets in Resources */,
				C72A558F1D7D71C7007A8FC3 /* Main.storyboard in Resources */,
			);
			runOnlyForDeploymentPostprocessing = 0;
		};
/* End PBXResourcesBuildPhase section */

/* Begin PBXSourcesBuildPhase section */
		C72A55821D7D71C7007A8FC3 /* Sources */ = {
			isa = PBXSourcesBuildPhase;
			buildActionMask = 2147483647;
			files = (
				C72A558C1D7D71C7007A8FC3 /* ViewController.swift in Sources */,
				C72A558A1D7D71C7007A8FC3 /* AppDelegate.swift in Sources */,
			);
			runOnlyForDeploymentPostprocessing = 0;
		};
/* End PBXSourcesBuildPhase section */

/* Begin PBXVariantGroup section */
		C72A558D1D7D71C7007A8FC3 /* Main.storyboard */ = {
			isa = PBXVariantGroup;
			children = (
				C72A558E1D7D71C7007A8FC3 /* Base */,
			);
			name = Main.storyboard;
			sourceTree = "<group>";
		};
		C72A55921D7D71C7007A8FC3 /* LaunchScreen.storyboard */ = {
			isa = PBXVariantGroup;
			children = (
				C72A55931D7D71C7007A8FC3 /* Base */,
			);
			name = LaunchScreen.storyboard;
			sourceTree = "<group>";
		};
/* End PBXVariantGroup section */

/* Begin XCBuildConfiguration section */
		C72A55961D7D71C7007A8FC3 /* Debug */ = {
			isa = XCBuildConfiguration;
			buildSettings = {
				ALWAYS_SEARCH_USER_PATHS = NO;
				CLANG_ANALYZER_NONNULL = YES;
				CLANG_CXX_LANGUAGE_STANDARD = "gnu++0x";
				CLANG_CXX_LIBRARY = "libc++";
				CLANG_ENABLE_MODULES = YES;
				CLANG_ENABLE_OBJC_ARC = YES;
				CLANG_WARN_BOOL_CONVERSION = YES;
				CLANG_WARN_CONSTANT_CONVERSION = YES;
				CLANG_WARN_DIRECT_OBJC_ISA_USAGE = YES_ERROR;
				CLANG_WARN_EMPTY_BODY = YES;
				CLANG_WARN_ENUM_CONVERSION = YES;
				CLANG_WARN_INT_CONVERSION = YES;
				CLANG_WARN_OBJC_ROOT_CLASS = YES_ERROR;
				CLANG_WARN_UNREACHABLE_CODE = YES;
				CLANG_WARN__DUPLICATE_METHOD_MATCH = YES;
				"CODE_SIGN_IDENTITY[sdk=iphoneos*]" = "iPhone Developer";
				COPY_PHASE_STRIP = NO;
				DEBUG_INFORMATION_FORMAT = dwarf;
				ENABLE_STRICT_OBJC_MSGSEND = YES;
				ENABLE_TESTABILITY = YES;
				GCC_C_LANGUAGE_STANDARD = gnu99;
				GCC_DYNAMIC_NO_PIC = NO;
				GCC_NO_COMMON_BLOCKS = YES;
				GCC_OPTIMIZATION_LEVEL = 0;
				GCC_PREPROCESSOR_DEFINITIONS = (
					"DEBUG=1",
					"$(inherited)",
				);
				GCC_WARN_64_TO_32_BIT_CONVERSION = YES;
				GCC_WARN_ABOUT_RETURN_TYPE = YES_ERROR;
				GCC_WARN_UNDECLARED_SELECTOR = YES;
				GCC_WARN_UNINITIALIZED_AUTOS = YES_AGGRESSIVE;
				GCC_WARN_UNUSED_FUNCTION = YES;
				GCC_WARN_UNUSED_VARIABLE = YES;
				IPHONEOS_DEPLOYMENT_TARGET = 9.3;
				MTL_ENABLE_DEBUG_INFO = YES;
				ONLY_ACTIVE_ARCH = YES;
				SDKROOT = iphoneos;
				SWIFT_OPTIMIZATION_LEVEL = "-Onone";
			};
			name = Debug;
		};
		C72A55971D7D71C7007A8FC3 /* Release */ = {
			isa = XCBuildConfiguration;
			buildSettings = {
				ALWAYS_SEARCH_USER_PATHS = NO;
				CLANG_ANALYZER_NONNULL = YES;
				CLANG_CXX_LANGUAGE_STANDARD = "gnu++0x";
				CLANG_CXX_LIBRARY = "libc++";
				CLANG_ENABLE_MODULES = YES;
				CLANG_ENABLE_OBJC_ARC = YES;
				CLANG_WARN_BOOL_CONVERSION = YES;
				CLANG_WARN_CONSTANT_CONVERSION = YES;
				CLANG_WARN_DIRECT_OBJC_ISA_USAGE = YES_ERROR;
				CLANG_WARN_EMPTY_BODY = YES;
				CLANG_WARN_ENUM_CONVERSION = YES;
				CLANG_WARN_INT_CONVERSION = YES;
				CLANG_WARN_OBJC_ROOT_CLASS = YES_ERROR;
				CLANG_WARN_UNREACHABLE_CODE = YES;
				CLANG_WARN__DUPLICATE_METHOD_MATCH = YES;
				"CODE_SIGN_IDENTITY[sdk=iphoneos*]" = "iPhone Developer";
				COPY_PHASE_STRIP = NO;
				DEBUG_INFORMATION_FORMAT = "dwarf-with-dsym";
				ENABLE_NS_ASSERTIONS = NO;
				ENABLE_STRICT_OBJC_MSGSEND = YES;
				GCC_C_LANGUAGE_STANDARD = gnu99;
				GCC_NO_COMMON_BLOCKS = YES;
				GCC_WARN_64_TO_32_BIT_CONVERSION = YES;
				GCC_WARN_ABOUT_RETURN_TYPE = YES_ERROR;
				GCC_WARN_UNDECLARED_SELECTOR = YES;
				GCC_WARN_UNINITIALIZED_AUTOS = YES_AGGRESSIVE;
				GCC_WARN_UNUSED_FUNCTION = YES;
				GCC_WARN_UNUSED_VARIABLE = YES;
				IPHONEOS_DEPLOYMENT_TARGET = 9.3;
				MTL_ENABLE_DEBUG_INFO = NO;
				SDKROOT = iphoneos;
				VALIDATE_PRODUCT = YES;
			};
			name = Release;
		};
		C72A55991D7D71C7007A8FC3 /* Debug */ = {
			isa = XCBuildConfiguration;
			buildSettings = {
				ASSETCATALOG_COMPILER_APPICON_NAME = AppIcon;
				INFOPLIST_FILE = Mp3Zing/Info.plist;
				LD_RUNPATH_SEARCH_PATHS = "$(inherited) @executable_path/Frameworks";
				PRODUCT_BUNDLE_IDENTIFIER = superman.Mp3Zing;
				PRODUCT_NAME = "$(TARGET_NAME)";
			};
			name = Debug;
		};
		C72A559A1D7D71C7007A8FC3 /* Release */ = {
			isa = XCBuildConfiguration;
			buildSettings = {
				ASSETCATALOG_COMPILER_APPICON_NAME = AppIcon;
				INFOPLIST_FILE = Mp3Zing/Info.plist;
				LD_RUNPATH_SEARCH_PATHS = "$(inherited) @executable_path/Frameworks";
				PRODUCT_BUNDLE_IDENTIFIER = superman.Mp3Zing;
				PRODUCT_NAME = "$(TARGET_NAME)";
			};
			name = Release;
		};
/* End XCBuildConfiguration section */

/* Begin XCConfigurationList section */
		C72A55811D7D71C7007A8FC3 /* Build configuration list for PBXProject "Mp3Zing" */ = {
			isa = XCConfigurationList;
			buildConfigurations = (
				C72A55961D7D71C7007A8FC3 /* Debug */,
				C72A55971D7D71C7007A8FC3 /* Release */,
			);
			defaultConfigurationIsVisible = 0;
			defaultConfigurationName = Release;
		};
		C72A55981D7D71C7007A8FC3 /* Build configuration list for PBXNativeTarget "Mp3Zing" */ = {
			isa = XCConfigurationList;
			buildConfigurations = (
				C72A55991D7D71C7007A8FC3 /* Debug */,
				C72A559A1D7D71C7007A8FC3 /* Release */,
			);
			defaultConfigurationIsVisible = 0;
		};
/* End XCConfigurationList section */
	};
	rootObject = C72A557E1D7D71C7007A8FC3 /* Project object */;
}
