// !$*UTF8*$!
{
	archiveVersion = 1;
	classes = {
	};
	objectVersion = 46;
	objects = {

/* Begin PBXBuildFile section */
		C72446901D7EA79E002B4379 /* TableViewOnline.swift in Sources */ = {isa = PBXBuildFile; fileRef = C724468F1D7EA79E002B4379 /* TableViewOnline.swift */; };
		C72446D31D7EABEE002B4379 /* libxml2.2.dylib in Frameworks */ = {isa = PBXBuildFile; fileRef = C72446D21D7EABEE002B4379 /* libxml2.2.dylib */; };
		C72446DD1D7EB237002B4379 /* TFHpple.m in Sources */ = {isa = PBXBuildFile; fileRef = C72446D81D7EB237002B4379 /* TFHpple.m */; };
		C72446DE1D7EB237002B4379 /* TFHppleElement.m in Sources */ = {isa = PBXBuildFile; fileRef = C72446DA1D7EB237002B4379 /* TFHppleElement.m */; };
		C72446DF1D7EB237002B4379 /* XPathQuery.m in Sources */ = {isa = PBXBuildFile; fileRef = C72446DC1D7EB237002B4379 /* XPathQuery.m */; };
		C72446E11D7ECECD002B4379 /* Song.swift in Sources */ = {isa = PBXBuildFile; fileRef = C72446E01D7ECECD002B4379 /* Song.swift */; };
		C725C7921D89532800E64964 /* LyricViewController.swift in Sources */ = {isa = PBXBuildFile; fileRef = C725C7911D89532800E64964 /* LyricViewController.swift */; };
		C72A558A1D7D71C7007A8FC3 /* AppDelegate.swift in Sources */ = {isa = PBXBuildFile; fileRef = C72A55891D7D71C7007A8FC3 /* AppDelegate.swift */; };
		C72A558F1D7D71C7007A8FC3 /* Main.storyboard in Resources */ = {isa = PBXBuildFile; fileRef = C72A558D1D7D71C7007A8FC3 /* Main.storyboard */; };
		C72A55911D7D71C7007A8FC3 /* Assets.xcassets in Resources */ = {isa = PBXBuildFile; fileRef = C72A55901D7D71C7007A8FC3 /* Assets.xcassets */; };
		C72A55941D7D71C7007A8FC3 /* LaunchScreen.storyboard in Resources */ = {isa = PBXBuildFile; fileRef = C72A55921D7D71C7007A8FC3 /* LaunchScreen.storyboard */; };
		C72A55A21D7D7BBE007A8FC3 /* pause.png in Resources */ = {isa = PBXBuildFile; fileRef = C72A559B1D7D7BBE007A8FC3 /* pause.png */; };
		C72A55A31D7D7BBE007A8FC3 /* play.png in Resources */ = {isa = PBXBuildFile; fileRef = C72A559C1D7D7BBE007A8FC3 /* play.png */; };
		C72A55A41D7D7BBE007A8FC3 /* duration.png in Resources */ = {isa = PBXBuildFile; fileRef = C72A559D1D7D7BBE007A8FC3 /* duration.png */; };
		C72A55A51D7D7BBE007A8FC3 /* maxVolume.png in Resources */ = {isa = PBXBuildFile; fileRef = C72A559E1D7D7BBE007A8FC3 /* maxVolume.png */; };
		C72A55A61D7D7BBE007A8FC3 /* miniVolume.png in Resources */ = {isa = PBXBuildFile; fileRef = C72A559F1D7D7BBE007A8FC3 /* miniVolume.png */; };
		C72A55A71D7D7BBE007A8FC3 /* thumb.png in Resources */ = {isa = PBXBuildFile; fileRef = C72A55A01D7D7BBE007A8FC3 /* thumb.png */; };
		C72A55A81D7D7BBE007A8FC3 /* thumbHightLight.png in Resources */ = {isa = PBXBuildFile; fileRef = C72A55A11D7D7BBE007A8FC3 /* thumbHightLight.png */; };
		C72A55AB1D7D7BDA007A8FC3 /* back.png in Resources */ = {isa = PBXBuildFile; fileRef = C72A55A91D7D7BDA007A8FC3 /* back.png */; };
		C72A55AC1D7D7BDA007A8FC3 /* next.png in Resources */ = {isa = PBXBuildFile; fileRef = C72A55AA1D7D7BDA007A8FC3 /* next.png */; };
		C78F83871D951CB200A5FC3A /* CustomCell.swift in Sources */ = {isa = PBXBuildFile; fileRef = C78F83851D951CB200A5FC3A /* CustomCell.swift */; };
		C78F83881D951CB200A5FC3A /* CustomCell.xib in Resources */ = {isa = PBXBuildFile; fileRef = C78F83861D951CB200A5FC3A /* CustomCell.xib */; };
		C79F02551D8B9EAF00DED576 /* Lyric.swift in Sources */ = {isa = PBXBuildFile; fileRef = C79F02541D8B9EAF00DED576 /* Lyric.swift */; };
		C7CCA4631D8114C600DE2F64 /* TableViewLocal.swift in Sources */ = {isa = PBXBuildFile; fileRef = C7CCA4621D8114C600DE2F64 /* TableViewLocal.swift */; };
		C7CCA4651D81486300DE2F64 /* AudioPlayer.swift in Sources */ = {isa = PBXBuildFile; fileRef = C7CCA4641D81486300DE2F64 /* AudioPlayer.swift */; };
		C7CCA4671D814EB000DE2F64 /* AudioPlayerView.swift in Sources */ = {isa = PBXBuildFile; fileRef = C7CCA4661D814EB000DE2F64 /* AudioPlayerView.swift */; };
/* End PBXBuildFile section */

/* Begin PBXFileReference section */
		C724468F1D7EA79E002B4379 /* TableViewOnline.swift */ = {isa = PBXFileReference; fileEncoding = 4; lastKnownFileType = sourcecode.swift; path = TableViewOnline.swift; sourceTree = "<group>"; };
		C72446D21D7EABEE002B4379 /* libxml2.2.dylib */ = {isa = PBXFileReference; lastKnownFileType = "compiled.mach-o.dylib"; name = libxml2.2.dylib; path = ../../../../usr/lib/libxml2.2.dylib; sourceTree = "<group>"; };
		C72446D61D7EB237002B4379 /* Mp3Zing-Bridging-Header.h */ = {isa = PBXFileReference; lastKnownFileType = sourcecode.c.h; path = "Mp3Zing-Bridging-Header.h"; sourceTree = "<group>"; };
		C72446D71D7EB237002B4379 /* TFHpple.h */ = {isa = PBXFileReference; fileEncoding = 4; lastKnownFileType = sourcecode.c.h; path = TFHpple.h; sourceTree = "<group>"; };
		C72446D81D7EB237002B4379 /* TFHpple.m */ = {isa = PBXFileReference; fileEncoding = 4; lastKnownFileType = sourcecode.c.objc; path = TFHpple.m; sourceTree = "<group>"; };
		C72446D91D7EB237002B4379 /* TFHppleElement.h */ = {isa = PBXFileReference; fileEncoding = 4; lastKnownFileType = sourcecode.c.h; path = TFHppleElement.h; sourceTree = "<group>"; };
		C72446DA1D7EB237002B4379 /* TFHppleElement.m */ = {isa = PBXFileReference; fileEncoding = 4; lastKnownFileType = sourcecode.c.objc; path = TFHppleElement.m; sourceTree = "<group>"; };
		C72446DB1D7EB237002B4379 /* XPathQuery.h */ = {isa = PBXFileReference; fileEncoding = 4; lastKnownFileType = sourcecode.c.h; path = XPathQuery.h; sourceTree = "<group>"; };
		C72446DC1D7EB237002B4379 /* XPathQuery.m */ = {isa = PBXFileReference; fileEncoding = 4; lastKnownFileType = sourcecode.c.objc; path = XPathQuery.m; sourceTree = "<group>"; };
		C72446E01D7ECECD002B4379 /* Song.swift */ = {isa = PBXFileReference; fileEncoding = 4; lastKnownFileType = sourcecode.swift; path = Song.swift; sourceTree = "<group>"; };
		C725C7911D89532800E64964 /* LyricViewController.swift */ = {isa = PBXFileReference; fileEncoding = 4; lastKnownFileType = sourcecode.swift; path = LyricViewController.swift; sourceTree = "<group>"; };
		C72A55861D7D71C7007A8FC3 /* Mp3Zing.app */ = {isa = PBXFileReference; explicitFileType = wrapper.application; includeInIndex = 0; path = Mp3Zing.app; sourceTree = BUILT_PRODUCTS_DIR; };
		C72A55891D7D71C7007A8FC3 /* AppDelegate.swift */ = {isa = PBXFileReference; lastKnownFileType = sourcecode.swift; path = AppDelegate.swift; sourceTree = "<group>"; };
		C72A558E1D7D71C7007A8FC3 /* Base */ = {isa = PBXFileReference; lastKnownFileType = file.storyboard; name = Base; path = Base.lproj/Main.storyboard; sourceTree = "<group>"; };
		C72A55901D7D71C7007A8FC3 /* Assets.xcassets */ = {isa = PBXFileReference; lastKnownFileType = folder.assetcatalog; path = Assets.xcassets; sourceTree = "<group>"; };
		C72A55931D7D71C7007A8FC3 /* Base */ = {isa = PBXFileReference; lastKnownFileType = file.storyboard; name = Base; path = Base.lproj/LaunchScreen.storyboard; sourceTree = "<group>"; };
		C72A55951D7D71C7007A8FC3 /* Info.plist */ = {isa = PBXFileReference; lastKnownFileType = text.plist.xml; path = Info.plist; sourceTree = "<group>"; };
		C72A559B1D7D7BBE007A8FC3 /* pause.png */ = {isa = PBXFileReference; lastKnownFileType = image.png; path = pause.png; sourceTree = "<group>"; };
		C72A559C1D7D7BBE007A8FC3 /* play.png */ = {isa = PBXFileReference; lastKnownFileType = image.png; path = play.png; sourceTree = "<group>"; };
		C72A559D1D7D7BBE007A8FC3 /* duration.png */ = {isa = PBXFileReference; lastKnownFileType = image.png; path = duration.png; sourceTree = "<group>"; };
		C72A559E1D7D7BBE007A8FC3 /* maxVolume.png */ = {isa = PBXFileReference; lastKnownFileType = image.png; path = maxVolume.png; sourceTree = "<group>"; };
		C72A559F1D7D7BBE007A8FC3 /* miniVolume.png */ = {isa = PBXFileReference; lastKnownFileType = image.png; path = miniVolume.png; sourceTree = "<group>"; };
		C72A55A01D7D7BBE007A8FC3 /* thumb.png */ = {isa = PBXFileReference; lastKnownFileType = image.png; path = thumb.png; sourceTree = "<group>"; };
		C72A55A11D7D7BBE007A8FC3 /* thumbHightLight.png */ = {isa = PBXFileReference; lastKnownFileType = image.png; path = thumbHightLight.png; sourceTree = "<group>"; };
		C72A55A91D7D7BDA007A8FC3 /* back.png */ = {isa = PBXFileReference; lastKnownFileType = image.png; path = back.png; sourceTree = "<group>"; };
		C72A55AA1D7D7BDA007A8FC3 /* next.png */ = {isa = PBXFileReference; lastKnownFileType = image.png; path = next.png; sourceTree = "<group>"; };
		C78F83851D951CB200A5FC3A /* CustomCell.swift */ = {isa = PBXFileReference; fileEncoding = 4; lastKnownFileType = sourcecode.swift; path = CustomCell.swift; sourceTree = "<group>"; };
		C78F83861D951CB200A5FC3A /* CustomCell.xib */ = {isa = PBXFileReference; fileEncoding = 4; lastKnownFileType = file.xib; path = CustomCell.xib; sourceTree = "<group>"; };
		C79F02541D8B9EAF00DED576 /* Lyric.swift */ = {isa = PBXFileReference; fileEncoding = 4; lastKnownFileType = sourcecode.swift; path = Lyric.swift; sourceTree = "<group>"; };
		C7CCA4621D8114C600DE2F64 /* TableViewLocal.swift */ = {isa = PBXFileReference; fileEncoding = 4; lastKnownFileType = sourcecode.swift; path = TableViewLocal.swift; sourceTree = "<group>"; };
		C7CCA4641D81486300DE2F64 /* AudioPlayer.swift */ = {isa = PBXFileReference; fileEncoding = 4; lastKnownFileType = sourcecode.swift; path = AudioPlayer.swift; sourceTree = "<group>"; };
		C7CCA4661D814EB000DE2F64 /* AudioPlayerView.swift */ = {isa = PBXFileReference; fileEncoding = 4; lastKnownFileType = sourcecode.swift; path = AudioPlayerView.swift; sourceTree = "<group>"; };
/* End PBXFileReference section */

/* Begin PBXFrameworksBuildPhase section */
		C72A55831D7D71C7007A8FC3 /* Frameworks */ = {
			isa = PBXFrameworksBuildPhase;
			buildActionMask = 2147483647;
			files = (
				C72446D31D7EABEE002B4379 /* libxml2.2.dylib in Frameworks */,
			);
			runOnlyForDeploymentPostprocessing = 0;
		};
/* End PBXFrameworksBuildPhase section */

/* Begin PBXGroup section */
		C72446D51D7EB221002B4379 /* Hpple */ = {
			isa = PBXGroup;
			children = (
				C72446D71D7EB237002B4379 /* TFHpple.h */,
				C72446D81D7EB237002B4379 /* TFHpple.m */,
				C72446D91D7EB237002B4379 /* TFHppleElement.h */,
				C72446DA1D7EB237002B4379 /* TFHppleElement.m */,
				C72446DB1D7EB237002B4379 /* XPathQuery.h */,
				C72446DC1D7EB237002B4379 /* XPathQuery.m */,
				C72446D61D7EB237002B4379 /* Mp3Zing-Bridging-Header.h */,
			);
			name = Hpple;
			sourceTree = "<group>";
		};
		C72A557D1D7D71C7007A8FC3 = {
			isa = PBXGroup;
			children = (
				C72446D21D7EABEE002B4379 /* libxml2.2.dylib */,
				C72A55881D7D71C7007A8FC3 /* Mp3Zing */,
				C72A55871D7D71C7007A8FC3 /* Products */,
			);
			sourceTree = "<group>";
		};
		C72A55871D7D71C7007A8FC3 /* Products */ = {
			isa = PBXGroup;
			children = (
				C72A55861D7D71C7007A8FC3 /* Mp3Zing.app */,
			);
			name = Products;
			sourceTree = "<group>";
		};
		C72A55881D7D71C7007A8FC3 /* Mp3Zing */ = {
			isa = PBXGroup;
			children = (
				C72446D51D7EB221002B4379 /* Hpple */,
				C72A55AD1D7D7E10007A8FC3 /* resource */,
				C72A55891D7D71C7007A8FC3 /* AppDelegate.swift */,
				C72446E01D7ECECD002B4379 /* Song.swift */,
				C72A558D1D7D71C7007A8FC3 /* Main.storyboard */,
				C7CCA4621D8114C600DE2F64 /* TableViewLocal.swift */,
				C724468F1D7EA79E002B4379 /* TableViewOnline.swift */,
				C7CCA4641D81486300DE2F64 /* AudioPlayer.swift */,
				C7CCA4661D814EB000DE2F64 /* AudioPlayerView.swift */,
				C725C7911D89532800E64964 /* LyricViewController.swift */,
				C79F02541D8B9EAF00DED576 /* Lyric.swift */,
				C78F83851D951CB200A5FC3A /* CustomCell.swift */,
				C78F83861D951CB200A5FC3A /* CustomCell.xib */,
				C72A55901D7D71C7007A8FC3 /* Assets.xcassets */,
				C72A55921D7D71C7007A8FC3 /* LaunchScreen.storyboard */,
				C72A55951D7D71C7007A8FC3 /* Info.plist */,
			);
			path = Mp3Zing;
			sourceTree = "<group>";
		};
		C72A55AD1D7D7E10007A8FC3 /* resource */ = {
			isa = PBXGroup;
			children = (
				C72A559B1D7D7BBE007A8FC3 /* pause.png */,
				C72A559C1D7D7BBE007A8FC3 /* play.png */,
				C72A559D1D7D7BBE007A8FC3 /* duration.png */,
				C72A559E1D7D7BBE007A8FC3 /* maxVolume.png */,
				C72A559F1D7D7BBE007A8FC3 /* miniVolume.png */,
				C72A55A01D7D7BBE007A8FC3 /* thumb.png */,
				C72A55A11D7D7BBE007A8FC3 /* thumbHightLight.png */,
				C72A55A91D7D7BDA007A8FC3 /* back.png */,
				C72A55AA1D7D7BDA007A8FC3 /* next.png */,
			);
			name = resource;
			sourceTree = "<group>";
		};
/* End PBXGroup section */

/* Begin PBXNativeTarget section */
		C72A55851D7D71C7007A8FC3 /* Mp3Zing */ = {
			isa = PBXNativeTarget;
			buildConfigurationList = C72A55981D7D71C7007A8FC3 /* Build configuration list for PBXNativeTarget "Mp3Zing" */;
			buildPhases = (
				C72A55821D7D71C7007A8FC3 /* Sources */,
				C72A55831D7D71C7007A8FC3 /* Frameworks */,
				C72A55841D7D71C7007A8FC3 /* Resources */,
			);
			buildRules = (
			);
			dependencies = (
			);
			name = Mp3Zing;
			productName = Mp3Zing;
			productReference = C72A55861D7D71C7007A8FC3 /* Mp3Zing.app */;
			productType = "com.apple.product-type.application";
		};
/* End PBXNativeTarget section */

/* Begin PBXProject section */
		C72A557E1D7D71C7007A8FC3 /* Project object */ = {
			isa = PBXProject;
			attributes = {
				LastSwiftUpdateCheck = 0730;
				LastUpgradeCheck = 0800;
				ORGANIZATIONNAME = "le ha thanh";
				TargetAttributes = {
					C72A55851D7D71C7007A8FC3 = {
						CreatedOnToolsVersion = 7.3.1;
						LastSwiftMigration = 0800;
					};
				};
			};
			buildConfigurationList = C72A55811D7D71C7007A8FC3 /* Build configuration list for PBXProject "Mp3Zing" */;
			compatibilityVersion = "Xcode 3.2";
			developmentRegion = English;
			hasScannedForEncodings = 0;
			knownRegions = (
				en,
				Base,
			);
			mainGroup = C72A557D1D7D71C7007A8FC3;
			productRefGroup = C72A55871D7D71C7007A8FC3 /* Products */;
			projectDirPath = "";
			projectRoot = "";
			targets = (
				C72A55851D7D71C7007A8FC3 /* Mp3Zing */,
			);
		};
/* End PBXProject section */

/* Begin PBXResourcesBuildPhase section */
		C72A55841D7D71C7007A8FC3 /* Resources */ = {
			isa = PBXResourcesBuildPhase;
			buildActionMask = 2147483647;
			files = (
				C78F83881D951CB200A5FC3A /* CustomCell.xib in Resources */,
				C72A55941D7D71C7007A8FC3 /* LaunchScreen.storyboard in Resources */,
				C72A55A41D7D7BBE007A8FC3 /* duration.png in Resources */,
				C72A55AC1D7D7BDA007A8FC3 /* next.png in Resources */,
				C72A55A31D7D7BBE007A8FC3 /* play.png in Resources */,
				C72A55911D7D71C7007A8FC3 /* Assets.xcassets in Resources */,
				C72A55A51D7D7BBE007A8FC3 /* maxVolume.png in Resources */,
				C72A55A21D7D7BBE007A8FC3 /* pause.png in Resources */,
				C72A55A81D7D7BBE007A8FC3 /* thumbHightLight.png in Resources */,
				C72A55AB1D7D7BDA007A8FC3 /* back.png in Resources */,
				C72A55A61D7D7BBE007A8FC3 /* miniVolume.png in Resources */,
				C72A558F1D7D71C7007A8FC3 /* Main.storyboard in Resources */,
				C72A55A71D7D7BBE007A8FC3 /* thumb.png in Resources */,
			);
			runOnlyForDeploymentPostprocessing = 0;
		};
/* End PBXResourcesBuildPhase section */

/* Begin PBXSourcesBuildPhase section */
		C72A55821D7D71C7007A8FC3 /* Sources */ = {
			isa = PBXSourcesBuildPhase;
			buildActionMask = 2147483647;
			files = (
				C725C7921D89532800E64964 /* LyricViewController.swift in Sources */,
				C72446E11D7ECECD002B4379 /* Song.swift in Sources */,
				C72446DE1D7EB237002B4379 /* TFHppleElement.m in Sources */,
				C72446901D7EA79E002B4379 /* TableViewOnline.swift in Sources */,
				C7CCA4651D81486300DE2F64 /* AudioPlayer.swift in Sources */,
				C72446DF1D7EB237002B4379 /* XPathQuery.m in Sources */,
				C79F02551D8B9EAF00DED576 /* Lyric.swift in Sources */,
				C7CCA4671D814EB000DE2F64 /* AudioPlayerView.swift in Sources */,
				C7CCA4631D8114C600DE2F64 /* TableViewLocal.swift in Sources */,
				C72446DD1D7EB237002B4379 /* TFHpple.m in Sources */,
				C78F83871D951CB200A5FC3A /* CustomCell.swift in Sources */,
				C72A558A1D7D71C7007A8FC3 /* AppDelegate.swift in Sources */,
			);
			runOnlyForDeploymentPostprocessing = 0;
		};
/* End PBXSourcesBuildPhase section */

/* Begin PBXVariantGroup section */
		C72A558D1D7D71C7007A8FC3 /* Main.storyboard */ = {
			isa = PBXVariantGroup;
			children = (
				C72A558E1D7D71C7007A8FC3 /* Base */,
			);
			name = Main.storyboard;
			sourceTree = "<group>";
		};
		C72A55921D7D71C7007A8FC3 /* LaunchScreen.storyboard */ = {
			isa = PBXVariantGroup;
			children = (
				C72A55931D7D71C7007A8FC3 /* Base */,
			);
			name = LaunchScreen.storyboard;
			sourceTree = "<group>";
		};
/* End PBXVariantGroup section */

/* Begin XCBuildConfiguration section */
		C72A55961D7D71C7007A8FC3 /* Debug */ = {
			isa = XCBuildConfiguration;
			buildSettings = {
				ALWAYS_SEARCH_USER_PATHS = NO;
				CLANG_ANALYZER_NONNULL = YES;
				CLANG_CXX_LANGUAGE_STANDARD = "gnu++0x";
				CLANG_CXX_LIBRARY = "libc++";
				CLANG_ENABLE_MODULES = YES;
				CLANG_ENABLE_OBJC_ARC = YES;
				CLANG_WARN_BOOL_CONVERSION = YES;
				CLANG_WARN_CONSTANT_CONVERSION = YES;
				CLANG_WARN_DIRECT_OBJC_ISA_USAGE = YES_ERROR;
				CLANG_WARN_EMPTY_BODY = YES;
				CLANG_WARN_ENUM_CONVERSION = YES;
				CLANG_WARN_INFINITE_RECURSION = YES;
				CLANG_WARN_INT_CONVERSION = YES;
				CLANG_WARN_OBJC_ROOT_CLASS = YES_ERROR;
				CLANG_WARN_SUSPICIOUS_MOVE = YES;
				CLANG_WARN_UNREACHABLE_CODE = YES;
				CLANG_WARN__DUPLICATE_METHOD_MATCH = YES;
				"CODE_SIGN_IDENTITY[sdk=iphoneos*]" = "iPhone Developer";
				COPY_PHASE_STRIP = NO;
				DEBUG_INFORMATION_FORMAT = dwarf;
				ENABLE_STRICT_OBJC_MSGSEND = YES;
				ENABLE_TESTABILITY = YES;
				GCC_C_LANGUAGE_STANDARD = gnu99;
				GCC_DYNAMIC_NO_PIC = NO;
				GCC_NO_COMMON_BLOCKS = YES;
				GCC_OPTIMIZATION_LEVEL = 0;
				GCC_PREPROCESSOR_DEFINITIONS = (
					"DEBUG=1",
					"$(inherited)",
				);
				GCC_WARN_64_TO_32_BIT_CONVERSION = YES;
				GCC_WARN_ABOUT_RETURN_TYPE = YES_ERROR;
				GCC_WARN_UNDECLARED_SELECTOR = YES;
				GCC_WARN_UNINITIALIZED_AUTOS = YES_AGGRESSIVE;
				GCC_WARN_UNUSED_FUNCTION = YES;
				GCC_WARN_UNUSED_VARIABLE = YES;
				IPHONEOS_DEPLOYMENT_TARGET = 9.3;
				MTL_ENABLE_DEBUG_INFO = YES;
				ONLY_ACTIVE_ARCH = YES;
				SDKROOT = iphoneos;
				SWIFT_OPTIMIZATION_LEVEL = "-Onone";
				SWIFT_VERSION = 3.0;
			};
			name = Debug;
		};
		C72A55971D7D71C7007A8FC3 /* Release */ = {
			isa = XCBuildConfiguration;
			buildSettings = {
				ALWAYS_SEARCH_USER_PATHS = NO;
				CLANG_ANALYZER_NONNULL = YES;
				CLANG_CXX_LANGUAGE_STANDARD = "gnu++0x";
				CLANG_CXX_LIBRARY = "libc++";
				CLANG_ENABLE_MODULES = YES;
				CLANG_ENABLE_OBJC_ARC = YES;
				CLANG_WARN_BOOL_CONVERSION = YES;
				CLANG_WARN_CONSTANT_CONVERSION = YES;
				CLANG_WARN_DIRECT_OBJC_ISA_USAGE = YES_ERROR;
				CLANG_WARN_EMPTY_BODY = YES;
				CLANG_WARN_ENUM_CONVERSION = YES;
				CLANG_WARN_INFINITE_RECURSION = YES;
				CLANG_WARN_INT_CONVERSION = YES;
				CLANG_WARN_OBJC_ROOT_CLASS = YES_ERROR;
				CLANG_WARN_SUSPICIOUS_MOVE = YES;
				CLANG_WARN_UNREACHABLE_CODE = YES;
				CLANG_WARN__DUPLICATE_METHOD_MATCH = YES;
				"CODE_SIGN_IDENTITY[sdk=iphoneos*]" = "iPhone Developer";
				COPY_PHASE_STRIP = NO;
				DEBUG_INFORMATION_FORMAT = "dwarf-with-dsym";
				ENABLE_NS_ASSERTIONS = NO;
				ENABLE_STRICT_OBJC_MSGSEND = YES;
				GCC_C_LANGUAGE_STANDARD = gnu99;
				GCC_NO_COMMON_BLOCKS = YES;
				GCC_WARN_64_TO_32_BIT_CONVERSION = YES;
				GCC_WARN_ABOUT_RETURN_TYPE = YES_ERROR;
				GCC_WARN_UNDECLARED_SELECTOR = YES;
				GCC_WARN_UNINITIALIZED_AUTOS = YES_AGGRESSIVE;
				GCC_WARN_UNUSED_FUNCTION = YES;
				GCC_WARN_UNUSED_VARIABLE = YES;
				IPHONEOS_DEPLOYMENT_TARGET = 9.3;
				MTL_ENABLE_DEBUG_INFO = NO;
				SDKROOT = iphoneos;
				SWIFT_OPTIMIZATION_LEVEL = "-Owholemodule";
				SWIFT_VERSION = 3.0;
				VALIDATE_PRODUCT = YES;
			};
			name = Release;
		};
		C72A55991D7D71C7007A8FC3 /* Debug */ = {
			isa = XCBuildConfiguration;
			buildSettings = {
				ASSETCATALOG_COMPILER_APPICON_NAME = AppIcon;
				CLANG_ENABLE_MODULES = YES;
				HEADER_SEARCH_PATHS = "$(SDKROOT)/usr/include/libxml2";
				INFOPLIST_FILE = Mp3Zing/Info.plist;
				LD_RUNPATH_SEARCH_PATHS = "$(inherited) @executable_path/Frameworks";
				PRODUCT_BUNDLE_IDENTIFIER = superman.Mp3Zing;
				PRODUCT_NAME = "$(TARGET_NAME)";
				SWIFT_OBJC_BRIDGING_HEADER = "Mp3Zing/Mp3Zing-Bridging-Header.h";
				SWIFT_OPTIMIZATION_LEVEL = "-Onone";
				SWIFT_VERSION = 2.3;
			};
			name = Debug;
		};
		C72A559A1D7D71C7007A8FC3 /* Release */ = {
			isa = XCBuildConfiguration;
			buildSettings = {
				ASSETCATALOG_COMPILER_APPICON_NAME = AppIcon;
				CLANG_ENABLE_MODULES = YES;
				HEADER_SEARCH_PATHS = "$(SDKROOT)/usr/include/libxml2";
				INFOPLIST_FILE = Mp3Zing/Info.plist;
				LD_RUNPATH_SEARCH_PATHS = "$(inherited) @executable_path/Frameworks";
				PRODUCT_BUNDLE_IDENTIFIER = superman.Mp3Zing;
				PRODUCT_NAME = "$(TARGET_NAME)";
				SWIFT_OBJC_BRIDGING_HEADER = "Mp3Zing/Mp3Zing-Bridging-Header.h";
				SWIFT_VERSION = 2.3;
			};
			name = Release;
		};
/* End XCBuildConfiguration section */

/* Begin XCConfigurationList section */
		C72A55811D7D71C7007A8FC3 /* Build configuration list for PBXProject "Mp3Zing" */ = {
			isa = XCConfigurationList;
			buildConfigurations = (
				C72A55961D7D71C7007A8FC3 /* Debug */,
				C72A55971D7D71C7007A8FC3 /* Release */,
			);
			defaultConfigurationIsVisible = 0;
			defaultConfigurationName = Release;
		};
		C72A55981D7D71C7007A8FC3 /* Build configuration list for PBXNativeTarget "Mp3Zing" */ = {
			isa = XCConfigurationList;
			buildConfigurations = (
				C72A55991D7D71C7007A8FC3 /* Debug */,
				C72A559A1D7D71C7007A8FC3 /* Release */,
			);
			defaultConfigurationIsVisible = 0;
			defaultConfigurationName = Release;
		};
/* End XCConfigurationList section */
	};
	rootObject = C72A557E1D7D71C7007A8FC3 /* Project object */;
}
